{
  "name": "mds.angular.datetimepicker",
  "version": "0.9.1",
  "lockfileVersion": 1,
  "dependencies": {
    "@angular/animations": {
      "version": "4.2.1",
      "resolved": "https://registry.npmjs.org/@angular/animations/-/animations-4.2.1.tgz",
      "integrity": "sha1-TIeIGS8Ux06wKg/I3Dhxd6ux/yQ=",
      "dev": true
    },
    "@angular/common": {
      "version": "4.2.1",
      "resolved": "https://registry.npmjs.org/@angular/common/-/common-4.2.1.tgz",
      "integrity": "sha1-yzNOO3H00+nzS3rZQsVI0/k238g=",
      "dev": true
    },
    "@angular/compiler": {
      "version": "4.2.1",
      "resolved": "https://registry.npmjs.org/@angular/compiler/-/compiler-4.2.1.tgz",
      "integrity": "sha1-jXe0WOBLiHlH2FrczXVG5KmH1LA=",
      "dev": true
    },
    "@angular/core": {
      "version": "4.2.1",
      "resolved": "https://registry.npmjs.org/@angular/core/-/core-4.2.1.tgz",
      "integrity": "sha1-CGUwSz30MEaRm2RvAv3tqFoMRoU=",
      "dev": true
    },
    "@angular/forms": {
      "version": "4.2.1",
      "resolved": "https://registry.npmjs.org/@angular/forms/-/forms-4.2.1.tgz",
      "integrity": "sha1-rRcs/TBwdDsqeoFh0sdax/W2H2I=",
      "dev": true
    },
    "@angular/http": {
      "version": "4.2.1",
      "resolved": "https://registry.npmjs.org/@angular/http/-/http-4.2.1.tgz",
      "integrity": "sha1-2ebjSMh1PTGMdh1/S02fBf7EDvk=",
      "dev": true
    },
    "@angular/material": {
      "version": "2.0.0-beta.6",
      "resolved": "https://registry.npmjs.org/@angular/material/-/material-2.0.0-beta.6.tgz",
      "integrity": "sha1-g7/fAPVAqMfbkAoee47Sz/Sd+CE=",
      "dev": true
    },
    "@angular/platform-browser": {
      "version": "4.2.1",
      "resolved": "https://registry.npmjs.org/@angular/platform-browser/-/platform-browser-4.2.1.tgz",
      "integrity": "sha1-HwHU0x+jkCEYJiZs9uOj9imGDx0=",
      "dev": true
    },
    "@angular/platform-browser-dynamic": {
      "version": "4.2.1",
      "resolved": "https://registry.npmjs.org/@angular/platform-browser-dynamic/-/platform-browser-dynamic-4.2.1.tgz",
      "integrity": "sha1-CDLSG6NIHZH0BWxqlUKfn892Ukw=",
      "dev": true
    },
    "@angular/router": {
      "version": "4.2.1",
      "resolved": "https://registry.npmjs.org/@angular/router/-/router-4.2.1.tgz",
      "integrity": "sha1-tkoNh+XNAi89PFLsi3urkLLj8Zg=",
      "dev": true
    },
    "core-js": {
      "version": "2.4.1",
      "resolved": "https://registry.npmjs.org/core-js/-/core-js-2.4.1.tgz",
      "integrity": "sha1-TekR5mew6ukSTjQlS1OupvxhjT4=",
      "dev": true
    },
    "hammerjs": {
      "version": "2.0.8",
      "resolved": "https://registry.npmjs.org/hammerjs/-/hammerjs-2.0.8.tgz",
      "integrity": "sha1-BO93hiz/K7edMPdpIJWTAiK/YPE=",
      "dev": true
    },
    "material-design-icons": {
      "version": "3.0.1",
      "resolved": "https://registry.npmjs.org/material-design-icons/-/material-design-icons-3.0.1.tgz",
      "integrity": "sha1-mnHEh0chjrylHlGmbaaCA4zct78=",
      "dev": true
    },
    "mds.persian.datetime": {
      "version": "0.9.70",
      "resolved": "https://registry.npmjs.org/mds.persian.datetime/-/mds.persian.datetime-0.9.70.tgz",
      "integrity": "sha512-dSO7HOi1P+Q0IJVPrelyWThWXRczY6cCV67a9IZlgNZz7oadp2Fr7xQ1E0RhAG4unAoCIsplGPtIjqBffZfqhw=="
    },
    "rxjs": {
      "version": "5.4.0",
      "resolved": "https://registry.npmjs.org/rxjs/-/rxjs-5.4.0.tgz",
      "integrity": "sha1-p9sUqxV/nXqsalbmVeejhg05vyY=",
      "dev": true
    },
    "symbol-observable": {
      "version": "1.0.4",
      "resolved": "https://registry.npmjs.org/symbol-observable/-/symbol-observable-1.0.4.tgz",
      "integrity": "sha1-Kb9hXUqnEhvdiYsi1LP5vE4qoD0=",
      "dev": true
    },
    "tslib": {
      "version": "1.7.1",
      "resolved": "https://registry.npmjs.org/tslib/-/tslib-1.7.1.tgz",
      "integrity": "sha1-vIAEFkaRkjp5/oN4u+s9ogF1OOw=",
      "dev": true
    },
    "zone.js": {
      "version": "0.8.12",
      "resolved": "https://registry.npmjs.org/zone.js/-/zone.js-0.8.12.tgz",
      "integrity": "sha1-hv9QU8mK7CkaC/S7rFAdaUoFz7s=",
      "dev": true
    }
  }
}
