{
  "name": "mds.angular.datetimepicker",
  "version": "1.1.67",
  "lockfileVersion": 1,
  "requires": true,
  "dependencies": {
    "@angular/animations": {
      "version": "4.3.6",
      "resolved": "https://registry.npmjs.org/@angular/animations/-/animations-4.3.6.tgz",
      "integrity": "sha1-v5KD7HyMmLMvVp2E3NoQiQ/cAmI=",
      "dev": true,
      "requires": {
        "tslib": "1.7.1"
      }
    },
    "@angular/cdk": {
      "version": "2.0.0-beta.10",
      "resolved": "https://registry.npmjs.org/@angular/cdk/-/cdk-2.0.0-beta.10.tgz",
      "integrity": "sha512-G0RvzxItfPy8JEdnyV/10GryE3zHehm3bUJ7U9dwYKhAzhye+MX0P6rs8VEmbClJb5SuZDr0ZZ53vbHhHsUh6A==",
      "dev": true,
      "requires": {
        "tslib": "1.7.1"
      }
    },
    "@angular/common": {
      "version": "4.3.6",
      "resolved": "https://registry.npmjs.org/@angular/common/-/common-4.3.6.tgz",
      "integrity": "sha1-7TfpMHx1Bt2DR5fBps9nXlK1tu4=",
      "dev": true,
      "requires": {
        "tslib": "1.7.1"
      }
    },
    "@angular/core": {
      "version": "4.3.6",
      "resolved": "https://registry.npmjs.org/@angular/core/-/core-4.3.6.tgz",
      "integrity": "sha1-u6xj1o0Pe8s4nRKzQghlK+MofpY=",
      "dev": true,
      "requires": {
        "tslib": "1.7.1"
      }
    },
    "@angular/forms": {
      "version": "4.3.6",
      "resolved": "https://registry.npmjs.org/@angular/forms/-/forms-4.3.6.tgz",
      "integrity": "sha1-DyDEWXwWoVJ0XXzZVVmFWgpcZoc=",
      "dev": true,
      "requires": {
        "tslib": "1.7.1"
      }
    },
    "@angular/http": {
      "version": "4.4.0-RC.0",
      "resolved": "https://registry.npmjs.org/@angular/http/-/http-4.4.0-RC.0.tgz",
      "integrity": "sha1-a6qUX6OhgqbOgqFRr2X8FIn14bE=",
      "dev": true,
      "requires": {
        "tslib": "1.7.1"
      }
    },
    "@angular/material": {
      "version": "2.0.0-beta.10",
      "resolved": "https://registry.npmjs.org/@angular/material/-/material-2.0.0-beta.10.tgz",
      "integrity": "sha512-KAQ2t9wenI55oXkjjT6E4VGUSVu7AZmR+ytnaP96VBFk18wxcGnVaTbQmCvVm/vkbcdeoSF09D6ic94DHAE+1A==",
      "dev": true,
      "requires": {
        "tslib": "1.7.1"
      }
    },
    "@angular/platform-browser": {
      "version": "4.3.6",
      "resolved": "https://registry.npmjs.org/@angular/platform-browser/-/platform-browser-4.3.6.tgz",
      "integrity": "sha1-YVKx87eNAkb8XhUOL3ue1DN+O6Y=",
      "dev": true,
      "requires": {
        "tslib": "1.7.1"
      }
    },
    "core-js": {
      "version": "2.5.1",
      "resolved": "https://registry.npmjs.org/core-js/-/core-js-2.5.1.tgz",
      "integrity": "sha1-rmh03GaTd4m4B1T/VCjfZoGcpQs=",
      "dev": true
    },
    "hammerjs": {
      "version": "2.0.8",
      "resolved": "https://registry.npmjs.org/hammerjs/-/hammerjs-2.0.8.tgz",
      "integrity": "sha1-BO93hiz/K7edMPdpIJWTAiK/YPE=",
      "dev": true
    },
    "mds.persian.datetime": {
      "version": "0.9.70",
      "resolved": "https://registry.npmjs.org/mds.persian.datetime/-/mds.persian.datetime-0.9.70.tgz",
      "integrity": "sha512-dSO7HOi1P+Q0IJVPrelyWThWXRczY6cCV67a9IZlgNZz7oadp2Fr7xQ1E0RhAG4unAoCIsplGPtIjqBffZfqhw==",
      "dev": true
    },
    "rxjs": {
      "version": "5.4.3",
      "resolved": "https://registry.npmjs.org/rxjs/-/rxjs-5.4.3.tgz",
      "integrity": "sha512-fSNi+y+P9ss+EZuV0GcIIqPUK07DEaMRUtLJvdcvMyFjc9dizuDjere+A4V7JrLGnm9iCc+nagV/4QdMTkqC4A==",
      "dev": true,
      "requires": {
        "symbol-observable": "1.0.4"
      }
    },
    "symbol-observable": {
      "version": "1.0.4",
      "resolved": "https://registry.npmjs.org/symbol-observable/-/symbol-observable-1.0.4.tgz",
      "integrity": "sha1-Kb9hXUqnEhvdiYsi1LP5vE4qoD0=",
      "dev": true
    },
    "tslib": {
      "version": "1.7.1",
      "resolved": "https://registry.npmjs.org/tslib/-/tslib-1.7.1.tgz",
      "integrity": "sha1-vIAEFkaRkjp5/oN4u+s9ogF1OOw=",
      "dev": true
    },
    "typescript": {
      "version": "2.5.2",
      "resolved": "https://registry.npmjs.org/typescript/-/typescript-2.5.2.tgz",
      "integrity": "sha1-A4qV99m7tCCxvzW6MdTFwd0//jQ=",
      "dev": true
    },
    "zone.js": {
      "version": "0.8.17",
      "resolved": "https://registry.npmjs.org/zone.js/-/zone.js-0.8.17.tgz",
      "integrity": "sha1-TF5RhahX2o2nk9rzkZNxxaNrKgs=",
      "dev": true
    }
  }
}
